
Microsoft Visual Studio Solution File, Format Version 12.00
# Visual Studio 15
VisualStudioVersion = 15.0.27130.2027
MinimumVisualStudioVersion = 10.0.40219.1
Project("{FAE04EC0-301F-11D3-BF4B-00C04F79EFBC}") = "01.CountSameValues", "01.CountSameValues\01.CountSameValues.csproj", "{556EEF5F-AE40-405F-B6CB-29C991F7DB4C}"
EndProject
Project("{FAE04EC0-301F-11D3-BF4B-00C04F79EFBC}") = "02.AverageStudentGrade", "02.AverageStudentGrade\02.AverageStudentGrade.csproj", "{C63683D2-796A-4E3C-9209-1640A1899842}"
EndProject
Project("{FAE04EC0-301F-11D3-BF4B-00C04F79EFBC}") = "03.ProductShop", "03.ProductShop\03.ProductShop.csproj", "{6410EC30-DF5F-48AD-BC37-3E8C05F8539E}"
EndProject
Project("{FAE04EC0-301F-11D3-BF4B-00C04F79EFBC}") = "04.ContinentsCountriesCities", "04.ContinentsCountriesCities\04.ContinentsCountriesCities.csproj", "{6DA86A66-31FB-45C2-A0C3-8DDFA4DDC2D4}"
EndProject
Project("{FAE04EC0-301F-11D3-BF4B-00C04F79EFBC}") = "05.UniqueNames", "05.UniqueNames\05.UniqueNames.csproj", "{05520210-5023-473C-B663-57B82D33E7DC}"
EndProject
Project("{FAE04EC0-301F-11D3-BF4B-00C04F79EFBC}") = "06.ParkingLot", "06.ParkingLot\06.ParkingLot.csproj", "{C7001DEB-B5FA-4C18-B78E-148F6E69536D}"
EndProject
Global
	GlobalSection(SolutionConfigurationPlatforms) = preSolution
		Debug|Any CPU = Debug|Any CPU
		Release|Any CPU = Release|Any CPU
	EndGlobalSection
	GlobalSection(ProjectConfigurationPlatforms) = postSolution
		{556EEF5F-AE40-405F-B6CB-29C991F7DB4C}.Debug|Any CPU.ActiveCfg = Debug|Any CPU
		{556EEF5F-AE40-405F-B6CB-29C991F7DB4C}.Debug|Any CPU.Build.0 = Debug|Any CPU
		{556EEF5F-AE40-405F-B6CB-29C991F7DB4C}.Release|Any CPU.ActiveCfg = Release|Any CPU
		{556EEF5F-AE40-405F-B6CB-29C991F7DB4C}.Release|Any CPU.Build.0 = Release|Any CPU
		{C63683D2-796A-4E3C-9209-1640A1899842}.Debug|Any CPU.ActiveCfg = Debug|Any CPU
		{C63683D2-796A-4E3C-9209-1640A1899842}.Debug|Any CPU.Build.0 = Debug|Any CPU
		{C63683D2-796A-4E3C-9209-1640A1899842}.Release|Any CPU.ActiveCfg = Release|Any CPU
		{C63683D2-796A-4E3C-9209-1640A1899842}.Release|Any CPU.Build.0 = Release|Any CPU
		{6410EC30-DF5F-48AD-BC37-3E8C05F8539E}.Debug|Any CPU.ActiveCfg = Debug|Any CPU
		{6410EC30-DF5F-48AD-BC37-3E8C05F8539E}.Debug|Any CPU.Build.0 = Debug|Any CPU
		{6410EC30-DF5F-48AD-BC37-3E8C05F8539E}.Release|Any CPU.ActiveCfg = Release|Any CPU
		{6410EC30-DF5F-48AD-BC37-3E8C05F8539E}.Release|Any CPU.Build.0 = Release|Any CPU
		{6DA86A66-31FB-45C2-A0C3-8DDFA4DDC2D4}.Debug|Any CPU.ActiveCfg = Debug|Any CPU
		{6DA86A66-31FB-45C2-A0C3-8DDFA4DDC2D4}.Debug|Any CPU.Build.0 = Debug|Any CPU
		{6DA86A66-31FB-45C2-A0C3-8DDFA4DDC2D4}.Release|Any CPU.ActiveCfg = Release|Any CPU
		{6DA86A66-31FB-45C2-A0C3-8DDFA4DDC2D4}.Release|Any CPU.Build.0 = Release|Any CPU
		{05520210-5023-473C-B663-57B82D33E7DC}.Debug|Any CPU.ActiveCfg = Debug|Any CPU
		{05520210-5023-473C-B663-57B82D33E7DC}.Debug|Any CPU.Build.0 = Debug|Any CPU
		{05520210-5023-473C-B663-57B82D33E7DC}.Release|Any CPU.ActiveCfg = Release|Any CPU
		{05520210-5023-473C-B663-57B82D33E7DC}.Release|Any CPU.Build.0 = Release|Any CPU
		{C7001DEB-B5FA-4C18-B78E-148F6E69536D}.Debug|Any CPU.ActiveCfg = Debug|Any CPU
		{C7001DEB-B5FA-4C18-B78E-148F6E69536D}.Debug|Any CPU.Build.0 = Debug|Any CPU
		{C7001DEB-B5FA-4C18-B78E-148F6E69536D}.Release|Any CPU.ActiveCfg = Release|Any CPU
		{C7001DEB-B5FA-4C18-B78E-148F6E69536D}.Release|Any CPU.Build.0 = Release|Any CPU
	EndGlobalSection
	GlobalSection(SolutionProperties) = preSolution
		HideSolutionNode = FALSE
	EndGlobalSection
	GlobalSection(ExtensibilityGlobals) = postSolution
		SolutionGuid = {8DACAF18-6A3C-4778-A94B-9F6326C122D5}
	EndGlobalSection
EndGlobal
