
Microsoft Visual Studio Solution File, Format Version 12.00
# Visual Studio 15
VisualStudioVersion = 15.0.27130.2027
MinimumVisualStudioVersion = 10.0.40219.1
Project("{9A19103F-16F7-4668-BE54-9A1E7A4F7556}") = "01.BasicStackOperations", "01.BasicStackOperations\01.BasicStackOperations.csproj", "{BAC08D6A-22B5-49F5-AB01-44D3159D9A79}"
EndProject
Project("{FAE04EC0-301F-11D3-BF4B-00C04F79EFBC}") = "02.BasicQueueOperations", "02.BasicQueueOperations\02.BasicQueueOperations.csproj", "{EDA44E16-E8F9-4227-973F-2D6E35B205AA}"
EndProject
Project("{FAE04EC0-301F-11D3-BF4B-00C04F79EFBC}") = "03.MaxMinElements", "03.MaxMinElements\03.MaxMinElements.csproj", "{0977BD33-1CF7-4CEF-BFD7-A64710A2B60B}"
EndProject
Project("{FAE04EC0-301F-11D3-BF4B-00C04F79EFBC}") = "04.FastFood", "04.FastFood\04.FastFood.csproj", "{E5EAC4A5-4367-43EB-8D83-D2867A3E0154}"
EndProject
Project("{FAE04EC0-301F-11D3-BF4B-00C04F79EFBC}") = "05.FashionBoutique", "05.FashionBoutique\05.FashionBoutique.csproj", "{83127AF8-EBE4-43AD-BFC6-E08E41FB0A20}"
EndProject
Project("{FAE04EC0-301F-11D3-BF4B-00C04F79EFBC}") = "06.AutoRepairAndService", "06.AutoRepairAndService\06.AutoRepairAndService.csproj", "{CC6B0594-02AF-48E1-AB7D-524E61C20607}"
EndProject
Project("{FAE04EC0-301F-11D3-BF4B-00C04F79EFBC}") = "07.TruckTour", "07.TruckTour\07.TruckTour.csproj", "{BE4024EC-50E9-4DB2-8C07-B1A4652B9E69}"
EndProject
Project("{FAE04EC0-301F-11D3-BF4B-00C04F79EFBC}") = "08.BalancedParantheses", "08.BalancedParantheses\08.BalancedParantheses.csproj", "{5568077D-D02C-4EBB-B193-5B125DA056BA}"
EndProject
Project("{FAE04EC0-301F-11D3-BF4B-00C04F79EFBC}") = "09.SimpleTextEditor", "09.SimpleTextEditor\09.SimpleTextEditor.csproj", "{7FF9A845-EABE-40A8-9D76-2DC51F38919C}"
EndProject
Project("{FAE04EC0-301F-11D3-BF4B-00C04F79EFBC}") = "10.Crossroads", "10.Crossroads\10.Crossroads.csproj", "{F84F5C44-3A95-4486-A706-C123A0D2BD37}"
EndProject
Project("{FAE04EC0-301F-11D3-BF4B-00C04F79EFBC}") = "11.KeyRevolver", "11.KeyRevolver\11.KeyRevolver.csproj", "{22D1B215-7C20-486A-A244-651944046EEB}"
EndProject
Project("{FAE04EC0-301F-11D3-BF4B-00C04F79EFBC}") = "12.CupsAndBottles", "12.CupsAndBottles\12.CupsAndBottles.csproj", "{7AC2D3E2-0742-4EBE-B143-D1A599732000}"
EndProject
Global
	GlobalSection(SolutionConfigurationPlatforms) = preSolution
		Debug|Any CPU = Debug|Any CPU
		Release|Any CPU = Release|Any CPU
	EndGlobalSection
	GlobalSection(ProjectConfigurationPlatforms) = postSolution
		{BAC08D6A-22B5-49F5-AB01-44D3159D9A79}.Debug|Any CPU.ActiveCfg = Debug|Any CPU
		{BAC08D6A-22B5-49F5-AB01-44D3159D9A79}.Debug|Any CPU.Build.0 = Debug|Any CPU
		{BAC08D6A-22B5-49F5-AB01-44D3159D9A79}.Release|Any CPU.ActiveCfg = Release|Any CPU
		{BAC08D6A-22B5-49F5-AB01-44D3159D9A79}.Release|Any CPU.Build.0 = Release|Any CPU
		{EDA44E16-E8F9-4227-973F-2D6E35B205AA}.Debug|Any CPU.ActiveCfg = Debug|Any CPU
		{EDA44E16-E8F9-4227-973F-2D6E35B205AA}.Debug|Any CPU.Build.0 = Debug|Any CPU
		{EDA44E16-E8F9-4227-973F-2D6E35B205AA}.Release|Any CPU.ActiveCfg = Release|Any CPU
		{EDA44E16-E8F9-4227-973F-2D6E35B205AA}.Release|Any CPU.Build.0 = Release|Any CPU
		{0977BD33-1CF7-4CEF-BFD7-A64710A2B60B}.Debug|Any CPU.ActiveCfg = Debug|Any CPU
		{0977BD33-1CF7-4CEF-BFD7-A64710A2B60B}.Debug|Any CPU.Build.0 = Debug|Any CPU
		{0977BD33-1CF7-4CEF-BFD7-A64710A2B60B}.Release|Any CPU.ActiveCfg = Release|Any CPU
		{0977BD33-1CF7-4CEF-BFD7-A64710A2B60B}.Release|Any CPU.Build.0 = Release|Any CPU
		{E5EAC4A5-4367-43EB-8D83-D2867A3E0154}.Debug|Any CPU.ActiveCfg = Debug|Any CPU
		{E5EAC4A5-4367-43EB-8D83-D2867A3E0154}.Debug|Any CPU.Build.0 = Debug|Any CPU
		{E5EAC4A5-4367-43EB-8D83-D2867A3E0154}.Release|Any CPU.ActiveCfg = Release|Any CPU
		{E5EAC4A5-4367-43EB-8D83-D2867A3E0154}.Release|Any CPU.Build.0 = Release|Any CPU
		{83127AF8-EBE4-43AD-BFC6-E08E41FB0A20}.Debug|Any CPU.ActiveCfg = Debug|Any CPU
		{83127AF8-EBE4-43AD-BFC6-E08E41FB0A20}.Debug|Any CPU.Build.0 = Debug|Any CPU
		{83127AF8-EBE4-43AD-BFC6-E08E41FB0A20}.Release|Any CPU.ActiveCfg = Release|Any CPU
		{83127AF8-EBE4-43AD-BFC6-E08E41FB0A20}.Release|Any CPU.Build.0 = Release|Any CPU
		{CC6B0594-02AF-48E1-AB7D-524E61C20607}.Debug|Any CPU.ActiveCfg = Debug|Any CPU
		{CC6B0594-02AF-48E1-AB7D-524E61C20607}.Debug|Any CPU.Build.0 = Debug|Any CPU
		{CC6B0594-02AF-48E1-AB7D-524E61C20607}.Release|Any CPU.ActiveCfg = Release|Any CPU
		{CC6B0594-02AF-48E1-AB7D-524E61C20607}.Release|Any CPU.Build.0 = Release|Any CPU
		{BE4024EC-50E9-4DB2-8C07-B1A4652B9E69}.Debug|Any CPU.ActiveCfg = Debug|Any CPU
		{BE4024EC-50E9-4DB2-8C07-B1A4652B9E69}.Debug|Any CPU.Build.0 = Debug|Any CPU
		{BE4024EC-50E9-4DB2-8C07-B1A4652B9E69}.Release|Any CPU.ActiveCfg = Release|Any CPU
		{BE4024EC-50E9-4DB2-8C07-B1A4652B9E69}.Release|Any CPU.Build.0 = Release|Any CPU
		{5568077D-D02C-4EBB-B193-5B125DA056BA}.Debug|Any CPU.ActiveCfg = Debug|Any CPU
		{5568077D-D02C-4EBB-B193-5B125DA056BA}.Debug|Any CPU.Build.0 = Debug|Any CPU
		{5568077D-D02C-4EBB-B193-5B125DA056BA}.Release|Any CPU.ActiveCfg = Release|Any CPU
		{5568077D-D02C-4EBB-B193-5B125DA056BA}.Release|Any CPU.Build.0 = Release|Any CPU
		{7FF9A845-EABE-40A8-9D76-2DC51F38919C}.Debug|Any CPU.ActiveCfg = Debug|Any CPU
		{7FF9A845-EABE-40A8-9D76-2DC51F38919C}.Debug|Any CPU.Build.0 = Debug|Any CPU
		{7FF9A845-EABE-40A8-9D76-2DC51F38919C}.Release|Any CPU.ActiveCfg = Release|Any CPU
		{7FF9A845-EABE-40A8-9D76-2DC51F38919C}.Release|Any CPU.Build.0 = Release|Any CPU
		{F84F5C44-3A95-4486-A706-C123A0D2BD37}.Debug|Any CPU.ActiveCfg = Debug|Any CPU
		{F84F5C44-3A95-4486-A706-C123A0D2BD37}.Debug|Any CPU.Build.0 = Debug|Any CPU
		{F84F5C44-3A95-4486-A706-C123A0D2BD37}.Release|Any CPU.ActiveCfg = Release|Any CPU
		{F84F5C44-3A95-4486-A706-C123A0D2BD37}.Release|Any CPU.Build.0 = Release|Any CPU
		{22D1B215-7C20-486A-A244-651944046EEB}.Debug|Any CPU.ActiveCfg = Debug|Any CPU
		{22D1B215-7C20-486A-A244-651944046EEB}.Debug|Any CPU.Build.0 = Debug|Any CPU
		{22D1B215-7C20-486A-A244-651944046EEB}.Release|Any CPU.ActiveCfg = Release|Any CPU
		{22D1B215-7C20-486A-A244-651944046EEB}.Release|Any CPU.Build.0 = Release|Any CPU
		{7AC2D3E2-0742-4EBE-B143-D1A599732000}.Debug|Any CPU.ActiveCfg = Debug|Any CPU
		{7AC2D3E2-0742-4EBE-B143-D1A599732000}.Debug|Any CPU.Build.0 = Debug|Any CPU
		{7AC2D3E2-0742-4EBE-B143-D1A599732000}.Release|Any CPU.ActiveCfg = Release|Any CPU
		{7AC2D3E2-0742-4EBE-B143-D1A599732000}.Release|Any CPU.Build.0 = Release|Any CPU
	EndGlobalSection
	GlobalSection(SolutionProperties) = preSolution
		HideSolutionNode = FALSE
	EndGlobalSection
	GlobalSection(ExtensibilityGlobals) = postSolution
		SolutionGuid = {D54BB472-F964-4A1C-9D8A-295FD615F971}
	EndGlobalSection
EndGlobal
