
Microsoft Visual Studio Solution File, Format Version 12.00
# Visual Studio 15
VisualStudioVersion = 15.0.27130.2027
MinimumVisualStudioVersion = 10.0.40219.1
Project("{FAE04EC0-301F-11D3-BF4B-00C04F79EFBC}") = "01.DiagonalDifference", "01.DiagonalDifference\01.DiagonalDifference.csproj", "{F86AEECD-B026-4FCE-B453-8F07F999E82E}"
EndProject
Global
	GlobalSection(SolutionConfigurationPlatforms) = preSolution
		Debug|Any CPU = Debug|Any CPU
		Release|Any CPU = Release|Any CPU
	EndGlobalSection
	GlobalSection(ProjectConfigurationPlatforms) = postSolution
		{F86AEECD-B026-4FCE-B453-8F07F999E82E}.Debug|Any CPU.ActiveCfg = Debug|Any CPU
		{F86AEECD-B026-4FCE-B453-8F07F999E82E}.Debug|Any CPU.Build.0 = Debug|Any CPU
		{F86AEECD-B026-4FCE-B453-8F07F999E82E}.Release|Any CPU.ActiveCfg = Release|Any CPU
		{F86AEECD-B026-4FCE-B453-8F07F999E82E}.Release|Any CPU.Build.0 = Release|Any CPU
	EndGlobalSection
	GlobalSection(SolutionProperties) = preSolution
		HideSolutionNode = FALSE
	EndGlobalSection
	GlobalSection(ExtensibilityGlobals) = postSolution
		SolutionGuid = {59B4CDCB-2CAE-46ED-BC34-9F17F9BD088F}
	EndGlobalSection
EndGlobal
