
Microsoft Visual Studio Solution File, Format Version 12.00
# Visual Studio 15
VisualStudioVersion = 15.0.27130.2027
MinimumVisualStudioVersion = 10.0.40219.1
Project("{9A19103F-16F7-4668-BE54-9A1E7A4F7556}") = "01.DiagonalDifference", "01.DiagonalDifference\01.DiagonalDifference.csproj", "{2BDC9030-FF10-4310-B4C3-D7F2F8EE19B9}"
EndProject
Project("{9A19103F-16F7-4668-BE54-9A1E7A4F7556}") = "02.Matrix2x2", "02.Matrix2x2\02.Matrix2x2.csproj", "{E6AFEAA1-B254-4C16-ACD8-EEB4222F8DC9}"
EndProject
Project("{9A19103F-16F7-4668-BE54-9A1E7A4F7556}") = "03.MaximalSum", "03.MaximalSum\03.MaximalSum.csproj", "{72C7AA65-DB8F-4F2D-B505-0E4D10B4794F}"
EndProject
Project("{9A19103F-16F7-4668-BE54-9A1E7A4F7556}") = "04.MatrixShuffling", "04.MatrixShuffling\04.MatrixShuffling.csproj", "{F6F97FE8-BEDB-4950-BF0C-D06EF77D7C7F}"
EndProject
Project("{FAE04EC0-301F-11D3-BF4B-00C04F79EFBC}") = "05.SnakeMoves", "05.SnakeMoves\05.SnakeMoves.csproj", "{5FEFC14F-4B8A-40E3-8433-5013C6A4AD37}"
EndProject
Global
	GlobalSection(SolutionConfigurationPlatforms) = preSolution
		Debug|Any CPU = Debug|Any CPU
		Release|Any CPU = Release|Any CPU
	EndGlobalSection
	GlobalSection(ProjectConfigurationPlatforms) = postSolution
		{2BDC9030-FF10-4310-B4C3-D7F2F8EE19B9}.Debug|Any CPU.ActiveCfg = Debug|Any CPU
		{2BDC9030-FF10-4310-B4C3-D7F2F8EE19B9}.Debug|Any CPU.Build.0 = Debug|Any CPU
		{2BDC9030-FF10-4310-B4C3-D7F2F8EE19B9}.Release|Any CPU.ActiveCfg = Release|Any CPU
		{2BDC9030-FF10-4310-B4C3-D7F2F8EE19B9}.Release|Any CPU.Build.0 = Release|Any CPU
		{E6AFEAA1-B254-4C16-ACD8-EEB4222F8DC9}.Debug|Any CPU.ActiveCfg = Debug|Any CPU
		{E6AFEAA1-B254-4C16-ACD8-EEB4222F8DC9}.Debug|Any CPU.Build.0 = Debug|Any CPU
		{E6AFEAA1-B254-4C16-ACD8-EEB4222F8DC9}.Release|Any CPU.ActiveCfg = Release|Any CPU
		{E6AFEAA1-B254-4C16-ACD8-EEB4222F8DC9}.Release|Any CPU.Build.0 = Release|Any CPU
		{72C7AA65-DB8F-4F2D-B505-0E4D10B4794F}.Debug|Any CPU.ActiveCfg = Debug|Any CPU
		{72C7AA65-DB8F-4F2D-B505-0E4D10B4794F}.Debug|Any CPU.Build.0 = Debug|Any CPU
		{72C7AA65-DB8F-4F2D-B505-0E4D10B4794F}.Release|Any CPU.ActiveCfg = Release|Any CPU
		{72C7AA65-DB8F-4F2D-B505-0E4D10B4794F}.Release|Any CPU.Build.0 = Release|Any CPU
		{F6F97FE8-BEDB-4950-BF0C-D06EF77D7C7F}.Debug|Any CPU.ActiveCfg = Debug|Any CPU
		{F6F97FE8-BEDB-4950-BF0C-D06EF77D7C7F}.Debug|Any CPU.Build.0 = Debug|Any CPU
		{F6F97FE8-BEDB-4950-BF0C-D06EF77D7C7F}.Release|Any CPU.ActiveCfg = Release|Any CPU
		{F6F97FE8-BEDB-4950-BF0C-D06EF77D7C7F}.Release|Any CPU.Build.0 = Release|Any CPU
		{5FEFC14F-4B8A-40E3-8433-5013C6A4AD37}.Debug|Any CPU.ActiveCfg = Debug|Any CPU
		{5FEFC14F-4B8A-40E3-8433-5013C6A4AD37}.Debug|Any CPU.Build.0 = Debug|Any CPU
		{5FEFC14F-4B8A-40E3-8433-5013C6A4AD37}.Release|Any CPU.ActiveCfg = Release|Any CPU
		{5FEFC14F-4B8A-40E3-8433-5013C6A4AD37}.Release|Any CPU.Build.0 = Release|Any CPU
	EndGlobalSection
	GlobalSection(SolutionProperties) = preSolution
		HideSolutionNode = FALSE
	EndGlobalSection
	GlobalSection(ExtensibilityGlobals) = postSolution
		SolutionGuid = {2C3ACB5E-B354-4F62-8C32-562D425C6D46}
	EndGlobalSection
EndGlobal
